#MicroXplorer Configuration settings - do not modify
Mcu.Family=STM32G0
RCC.LPUART2Freq_Value=64000000
PB7.GPIO_PuPd=GPIO_PULLDOWN
ProjectManager.MainLocation=Core/Src
RCC.PLLQoutputFreq_Value=64000000
RCC.USART1Freq_Value=64000000
ProjectManager.ProjectFileName=G0B1KET6N.ioc
RCC.CortexFreq_Value=64000000
PB8.GPIOParameters=GPIO_Speed,GPIO_PuPd,GPIO_Label,GPIO_FM8
PB9.GPIO_Label=TLC5955_SPI2_LAT
ProjectManager.KeepUserCode=true
Mcu.PinsNb=12
Mcu.UserName=STM32G0B1KETxN
SPI1.VirtualType=VM_MASTER
SPI2.VirtualType=VM_MASTER
ProjectManager.NoMain=false
SPI1.IPParameters=VirtualType,Mode,Direction,CalculateBaudRate,BaudRatePrescaler,CLKPolarity
PB8.GPIO_FM8=SYSCFG_FASTMODEPLUS_PB8
PB6.GPIO_PuPd=GPIO_PULLDOWN
PB7.GPIO_FM7=SYSCFG_FASTMODEPLUS_PB7
PA14-BOOT0.Mode=Serial_Wire
PA0.GPIO_Label=SPI1_DC
SPI2.NSSPMode=SPI_NSS_PULSE_DISABLE
ProjectManager.functionlistsort=1-MX_GPIO_Init-GPIO-false-HAL-true,2-SystemClock_Config-RCC-false-HAL-false,3-MX_SPI1_Init-SPI1-false-HAL-true
PB8.GPIO_PuPd=GPIO_PULLDOWN
PA3.GPIOParameters=GPIO_Label
RCC.EXTERNAL_CLOCK_VALUE=48000
ProjectManager.DefaultFWLocation=true
PB6.GPIO_Label=TLC5955_SPI2_GSCLK
RCC.USART2Freq_Value=64000000
NVIC.SVC_IRQn=true\:0\:0\:false\:false\:true\:false\:false
ProjectManager.DeletePrevious=true
PinOutPanel.RotationAngle=0
RCC.FamilyName=M
RCC.MCO1PinFreq_Value=64000000
RCC.SYSCLKSource=RCC_SYSCLKSOURCE_PLLCLK
ProjectManager.StackSize=0x400
PB9.GPIOParameters=GPIO_Speed,GPIO_PuPd,GPIO_Label,GPIO_FM9
RCC.LPTIM1Freq_Value=64000000
PA13.Signal=SYS_SWDIO
Mcu.IP4=SYS
RCC.FCLKCortexFreq_Value=64000000
Mcu.IP2=SPI1
PB8.GPIO_Label=TLC5955_SPI2_SCK
Mcu.IP3=SPI2
Mcu.IP0=NVIC
Mcu.IP1=RCC
SPI1.CLKPolarity=SPI_POLARITY_HIGH
Mcu.UserConstants=
ProjectManager.TargetToolchain=STM32CubeIDE
Mcu.ThirdPartyNb=0
SPI1.Direction=SPI_DIRECTION_1LINE
PB7.GPIOParameters=GPIO_Speed,GPIO_PuPd,GPIO_Label,GPIO_FM7
RCC.HCLKFreq_Value=64000000
Mcu.IPNb=5
ProjectManager.PreviousToolchain=
PB6.Signal=GPIO_Output
RCC.I2S1Freq_Value=64000000
PB9.Locked=true
SPI1.CalculateBaudRate=1000.0 KBits/s
SPI2.IPParameters=VirtualType,Mode,Direction,CalculateBaudRate,BaudRatePrescaler,NSSPMode
Mcu.Pin6=PA14-BOOT0
Mcu.Pin7=PB6
ProjectManager.RegisterCallBack=
Mcu.Pin8=PB7
RCC.USBFreq_Value=48000000
Mcu.Pin9=PB8
RCC.LSE_VALUE=32768
PA1.Signal=SPI1_SCK
RCC.AHBFreq_Value=64000000
SPI2.BaudRatePrescaler=SPI_BAUDRATEPRESCALER_8
Mcu.Pin0=PB9
Mcu.Pin1=PA0
PA14-BOOT0.Signal=SYS_SWCLK
GPIO.groupedBy=Group By Peripherals
Mcu.Pin2=PA1
Mcu.Pin3=PA2
RCC.USART3Freq_Value=64000000
Mcu.Pin4=PA3
Mcu.Pin5=PA13
ProjectManager.ProjectBuild=false
RCC.HSE_VALUE=8000000
PA0.Locked=true
board=custom
RCC.VCOOutputFreq_Value=128000000
NVIC.SysTick_IRQn=true\:0\:0\:false\:false\:true\:false\:true
ProjectManager.LastFirmware=true
NVIC.SPI1_IRQn=true\:0\:0\:false\:false\:true\:true\:true
ProjectManager.FirmwarePackage=STM32Cube FW_G0 V1.4.1
MxDb.Version=DB.6.0.21
PA1.Mode=Simplex_Bidirectional_Master
ProjectManager.BackupPrevious=false
MxCube.Version=6.2.1
RCC.VCOInputFreq_Value=16000000
RCC.I2C1Freq_Value=64000000
SPI1.Mode=SPI_MODE_MASTER
VP_SYS_VS_DBSignals.Signal=SYS_VS_DBSignals
RCC.FDCANFreq_Value=64000000
RCC.ADCFreq_Value=64000000
File.Version=6
VP_SYS_VS_Systick.Mode=SysTick
SPI2.CalculateBaudRate=8.0 MBits/s
VP_SYS_VS_DBSignals.Mode=DisableDeadBatterySignals
PB7.Signal=SPI2_MOSI
PB8.Locked=true
NVIC.NonMaskableInt_IRQn=true\:0\:0\:false\:false\:true\:false\:false
RCC.PLLRCLKFreq_Value=64000000
PB6.Locked=true
NVIC.PendSV_IRQn=true\:0\:0\:false\:false\:true\:false\:false
PA13.Mode=Serial_Wire
ProjectManager.FreePins=false
RCC.IPParameters=ADCFreq_Value,AHBFreq_Value,APBFreq_Value,APBTimFreq_Value,CECFreq_Value,CortexFreq_Value,EXTERNAL_CLOCK_VALUE,FCLKCortexFreq_Value,FDCANFreq_Value,FamilyName,HCLKFreq_Value,HSE_VALUE,HSI48_VALUE,HSI_VALUE,I2C1Freq_Value,I2C2Freq_Value,I2S1Freq_Value,I2S2Freq_Value,LPTIM1Freq_Value,LPTIM2Freq_Value,LPUART1Freq_Value,LPUART2Freq_Value,LSCOPinFreq_Value,LSE_VALUE,LSI_VALUE,MCO1PinFreq_Value,MCO2PinFreq_Value,PLLPoutputFreq_Value,PLLQoutputFreq_Value,PLLRCLKFreq_Value,PWRFreq_Value,SYSCLKFreq_VALUE,SYSCLKSource,TIM15Freq_Value,TIM1Freq_Value,USART1Freq_Value,USART2Freq_Value,USART3Freq_Value,USBFreq_Value,VCOInputFreq_Value,VCOOutputFreq_Value
ProjectManager.AskForMigrate=true
Mcu.Name=STM32G0B1K(B-C-E)TxN
RCC.LPTIM2Freq_Value=64000000
PB6.GPIOParameters=GPIO_Speed,GPIO_FM6,GPIO_PuPd,GPIO_Label
ProjectManager.HalAssertFull=false
PA14-BOOT0.Locked=true
PA2.Signal=SPI1_MOSI
ProjectManager.ProjectName=G0B1KET6N
ProjectManager.UnderRoot=true
PA0.Signal=GPIO_Output
RCC.TIM1Freq_Value=64000000
ProjectManager.CoupleFile=true
PB7.GPIO_Label=TLC5955_SPI2_MOSI
RCC.MCO2PinFreq_Value=64000000
RCC.APBTimFreq_Value=64000000
RCC.SYSCLKFreq_VALUE=64000000
Mcu.Package=LQFP32
PB9.Signal=GPIO_Output
RCC.TIM15Freq_Value=64000000
PA1.Locked=true
PA3.Locked=true
SPI2.Mode=SPI_MODE_MASTER
RCC.I2S2Freq_Value=64000000
NVIC.ForceEnableDMAVector=true
KeepUserPlacement=false
RCC.APBFreq_Value=64000000
PB6.GPIO_FM6=SYSCFG_FASTMODEPLUS_PB6
PA13.Locked=true
ProjectManager.CompilerOptimize=6
ProjectManager.ToolChainLocation=
RCC.LSI_VALUE=32000
VP_SYS_VS_Systick.Signal=SYS_VS_Systick
PB7.Mode=TX_Only_Simplex_Unidirect_Master
RCC.LSCOPinFreq_Value=32000
PB9.GPIO_PuPd=GPIO_PULLDOWN
ProjectManager.HeapSize=0x200
PA0.GPIOParameters=GPIO_Label
NVIC.HardFault_IRQn=true\:0\:0\:false\:false\:true\:false\:false
ProjectManager.ComputerToolchain=false
RCC.HSI_VALUE=16000000
PB9.GPIO_Speed=GPIO_SPEED_FREQ_VERY_HIGH
Mcu.Pin11=VP_SYS_VS_DBSignals
PB8.Mode=TX_Only_Simplex_Unidirect_Master
RCC.PLLPoutputFreq_Value=64000000
Mcu.Pin10=VP_SYS_VS_Systick
RCC.CECFreq_Value=32786.88524590164
PB7.Locked=true
PA2.Mode=Simplex_Bidirectional_Master
PB8.Signal=SPI2_SCK
RCC.PWRFreq_Value=64000000
RCC.LPUART1Freq_Value=64000000
SPI2.Direction=SPI_DIRECTION_2LINES
PB6.GPIO_Speed=GPIO_SPEED_FREQ_VERY_HIGH
RCC.I2C2Freq_Value=64000000
SPI1.BaudRatePrescaler=SPI_BAUDRATEPRESCALER_64
PB8.GPIO_Speed=GPIO_SPEED_FREQ_VERY_HIGH
PB9.GPIO_FM9=SYSCFG_FASTMODEPLUS_PB9
ProjectManager.CustomerFirmwarePackage=
ProjectManager.DeviceId=STM32G0B1KETxN
ProjectManager.LibraryCopy=1
RCC.HSI48_VALUE=48000000
PA3.GPIO_Label=SPI1_RESET
PA3.Signal=GPIO_Output
PB7.GPIO_Speed=GPIO_SPEED_FREQ_VERY_HIGH
PA2.Locked=true
isbadioc=false
