#MicroXplorer Configuration settings - do not modify
Mcu.Family=STM32G0
RCC.LPUART2Freq_Value=64000000
ProjectManager.MainLocation=Core/Src
PA6.Mode=I2C
RCC.USART1Freq_Value=64000000
RCC.CortexFreq_Value=64000000
VP_TIM17_VS_ClockSourceINT.Mode=Enable_Timer
ProjectManager.KeepUserCode=true
Mcu.UserName=STM32G0B1KETxN
SPI1.VirtualType=VM_MASTER
TIM14.AutoReloadPreload=TIM_AUTORELOAD_PRELOAD_ENABLE
PB7.GPIO_FM7=SYSCFG_FASTMODEPLUS_PB7
PA14-BOOT0.Mode=Serial_Wire
PA0.GPIO_Label=SPI1_DC
ProjectManager.functionlistsort=1-MX_GPIO_Init-GPIO-false-LL-true,2-SystemClock_Config-RCC-false-LL-false,3-MX_SPI1_Init-SPI1-false-LL-true,4-MX_TIM14_Init-TIM14-false-LL-true,5-MX_TIM4_Init-TIM4-false-LL-true,6-MX_TIM17_Init-TIM17-false-LL-true,7-MX_I2C3_Init-I2C3-false-LL-true
PA3.GPIOParameters=GPIO_Label
PB6.GPIO_Label=TLC5955_SPI2_GSCLK(TIM4)
RCC.USART2Freq_Value=64000000
NVIC.SVC_IRQn=true\:0\:0\:false\:false\:true\:false\:false
PinOutPanel.RotationAngle=0
RCC.MCO1PinFreq_Value=64000000
RCC.SYSCLKSource=RCC_SYSCLKSOURCE_PLLCLK
ProjectManager.StackSize=0x400
RCC.LPTIM1Freq_Value=64000000
Mcu.IP4=SYS
RCC.FCLKCortexFreq_Value=64000000
Mcu.IP5=TIM4
Mcu.IP2=RCC
Mcu.IP3=SPI1
TIM17.AutoReloadPreload=TIM_AUTORELOAD_PRELOAD_ENABLE
Mcu.IP0=I2C3
Mcu.IP1=NVIC
SPI1.CLKPolarity=SPI_POLARITY_HIGH
Mcu.UserConstants=
Mcu.ThirdPartyNb=0
SPI1.Direction=SPI_DIRECTION_1LINE
RCC.HCLKFreq_Value=64000000
Mcu.IPNb=8
ProjectManager.PreviousToolchain=
TIM4.Pulse-PWM\ Generation1\ CH1=1
PB6.Signal=S_TIM4_CH1
SPI1.CalculateBaudRate=8.0 MBits/s
Mcu.Pin6=PA6
Mcu.Pin7=PA7
TIM17.IPParameters=AutoReloadPreload
Mcu.Pin8=PA13
Mcu.Pin9=PA14-BOOT0
RCC.AHBFreq_Value=64000000
Mcu.Pin0=PB9
Mcu.Pin1=PA0
PA14-BOOT0.Signal=SYS_SWCLK
GPIO.groupedBy=Group By Peripherals
Mcu.Pin2=PA1
Mcu.Pin3=PA2
RCC.USART3Freq_Value=64000000
Mcu.Pin4=PA3
Mcu.Pin5=PA5
I2C3.IPParameters=Timing,I2C_Speed_Mode,GeneralCallMode
ProjectManager.ProjectBuild=false
RCC.HSE_VALUE=8000000
PA0.Locked=true
TIM14.Period=64
NVIC.SysTick_IRQn=true\:0\:0\:false\:false\:true\:false\:true
ProjectManager.FirmwarePackage=STM32Cube FW_G0 V1.4.1
MxDb.Version=DB.6.0.21
ProjectManager.BackupPrevious=false
RCC.VCOInputFreq_Value=16000000
File.Version=6
PB8.PinState=GPIO_PIN_SET
VP_SYS_VS_DBSignals.Mode=DisableDeadBatterySignals
PB7.Signal=GPIO_Output
PB8.Locked=true
RCC.PLLRCLKFreq_Value=64000000
PB6.Locked=true
NVIC.PendSV_IRQn=true\:0\:0\:false\:false\:true\:false\:false
TIM4.Period=1
PB6.GPIOParameters=GPIO_FM6,GPIO_Speed,GPIO_PuPd,GPIO_Label
ProjectManager.HalAssertFull=false
ProjectManager.ProjectName=G0B1KET6N
PA0.Signal=GPIO_Output
PB7.PinState=GPIO_PIN_SET
RCC.TIM1Freq_Value=64000000
PB7.GPIO_Label=TLC5955_SPI2_MOSI
RCC.MCO2PinFreq_Value=64000000
Mcu.Package=LQFP32
PB9.Signal=GPIO_Output
PA6.Signal=I2C3_SDA
RCC.TIM15Freq_Value=64000000
PA5.Locked=true
RCC.I2S2Freq_Value=64000000
RCC.APBFreq_Value=64000000
PB6.GPIO_FM6=SYSCFG_FASTMODEPLUS_PB6
ProjectManager.ToolChainLocation=
RCC.LSI_VALUE=32000
VP_SYS_VS_Systick.Signal=SYS_VS_Systick
SH.GPXTI5.ConfNb=1
RCC.LSCOPinFreq_Value=32000
PB9.GPIO_PuPd=GPIO_PULLDOWN
PA5.GPIOParameters=GPIO_Label,GPIO_ModeDefaultEXTI
I2C3.Timing=0x10707DBC
PB9.GPIO_Speed=GPIO_SPEED_FREQ_VERY_HIGH
RCC.PLLPoutputFreq_Value=64000000
SH.S_TIM4_CH1.0=TIM4_CH1,PWM Generation1 CH1
RCC.CECFreq_Value=32786.88524590164
RCC.LPUART1Freq_Value=64000000
VP_TIM14_VS_ClockSourceINT.Mode=Enable_Timer
PA6.GPIO_Speed=GPIO_SPEED_FREQ_VERY_HIGH
TIM14.IPParameters=Prescaler,Period,AutoReloadPreload
SPI1.BaudRatePrescaler=SPI_BAUDRATEPRESCALER_8
PB9.GPIO_FM9=SYSCFG_FASTMODEPLUS_PB9
ProjectManager.CustomerFirmwarePackage=
NVIC.EXTI4_15_IRQn=true\:0\:0\:false\:false\:true\:true\:true
RCC.HSI48_VALUE=48000000
PA3.Signal=GPIO_Output
PB7.GPIO_Speed=GPIO_SPEED_FREQ_VERY_HIGH
PA2.Locked=true
PA6.GPIOParameters=GPIO_Speed
PB7.GPIO_PuPd=GPIO_PULLDOWN
TIM4.Channel-PWM\ Generation1\ CH1=TIM_CHANNEL_1
SH.S_TIM4_CH1.ConfNb=1
SH.GPXTI5.0=GPIO_EXTI5
NVIC.TIM14_IRQn=true\:0\:0\:false\:false\:true\:true\:true
RCC.PLLQoutputFreq_Value=64000000
ProjectManager.ProjectFileName=G0B1KET6N.ioc
PA5.GPIO_ModeDefaultEXTI=GPIO_MODE_IT_FALLING
TIM4.AutoReloadPreload=TIM_AUTORELOAD_PRELOAD_ENABLE
PB8.GPIOParameters=GPIO_Speed,PinState,GPIO_PuPd,GPIO_Label,GPIO_FM8
PA7.Mode=I2C
PB9.GPIO_Label=TLC5955_SPI2_LAT
Mcu.PinsNb=18
VP_TIM14_VS_ClockSourceINT.Signal=TIM14_VS_ClockSourceINT
ProjectManager.NoMain=false
SPI1.IPParameters=VirtualType,Mode,Direction,CalculateBaudRate,BaudRatePrescaler,CLKPolarity,NSSPMode
PB8.GPIO_FM8=SYSCFG_FASTMODEPLUS_PB8
PB6.GPIO_PuPd=GPIO_PULLDOWN
PB8.GPIO_PuPd=GPIO_PULLDOWN
RCC.EXTERNAL_CLOCK_VALUE=48000
ProjectManager.DefaultFWLocation=true
ProjectManager.DeletePrevious=true
VP_TIM17_VS_ClockSourceINT.Signal=TIM17_VS_ClockSourceINT
RCC.FamilyName=M
PB9.GPIOParameters=GPIO_Speed,PinState,GPIO_PuPd,GPIO_Label,GPIO_FM9
PA13.Signal=SYS_SWDIO
I2C3.GeneralCallMode=I2C_GENERALCALL_DISABLE
PB8.GPIO_Label=TLC5955_SPI2_SCK
VP_TIM4_VS_ClockSourceINT.Signal=TIM4_VS_ClockSourceINT
ProjectManager.TargetToolchain=STM32CubeIDE
TIM4.IPParameters=Prescaler,AutoReloadPreload,OCPolarity_1,Period,Channel-PWM Generation1 CH1,Pulse-PWM Generation1 CH1
PB7.GPIOParameters=GPIO_Speed,PinState,GPIO_PuPd,GPIO_Label,GPIO_FM7
RCC.I2S1Freq_Value=64000000
PB9.Locked=true
ProjectManager.RegisterCallBack=
RCC.USBFreq_Value=48000000
TIM4.Prescaler=1
RCC.LSE_VALUE=32768
PA1.Signal=SPI1_SCK
PA5.Signal=GPXTI5
board=custom
RCC.VCOOutputFreq_Value=128000000
ProjectManager.LastFirmware=true
PA7.GPIO_Speed=GPIO_SPEED_FREQ_VERY_HIGH
NVIC.SPI1_IRQn=true\:0\:0\:false\:false\:true\:true\:true
PA1.Mode=Simplex_Bidirectional_Master
MxCube.Version=6.2.1
RCC.I2C1Freq_Value=64000000
SPI1.Mode=SPI_MODE_MASTER
VP_SYS_VS_DBSignals.Signal=SYS_VS_DBSignals
RCC.FDCANFreq_Value=64000000
RCC.ADCFreq_Value=64000000
VP_SYS_VS_Systick.Mode=SysTick
NVIC.NonMaskableInt_IRQn=true\:0\:0\:false\:false\:true\:false\:false
PA13.Mode=Serial_Wire
ProjectManager.FreePins=false
RCC.IPParameters=ADCFreq_Value,AHBFreq_Value,APBFreq_Value,APBTimFreq_Value,CECFreq_Value,CortexFreq_Value,EXTERNAL_CLOCK_VALUE,FCLKCortexFreq_Value,FDCANFreq_Value,FamilyName,HCLKFreq_Value,HSE_VALUE,HSI48_VALUE,HSI_VALUE,I2C1Freq_Value,I2C2Freq_Value,I2S1Freq_Value,I2S2Freq_Value,LPTIM1Freq_Value,LPTIM2Freq_Value,LPUART1Freq_Value,LPUART2Freq_Value,LSCOPinFreq_Value,LSE_VALUE,LSI_VALUE,MCO1PinFreq_Value,MCO2PinFreq_Value,PLLPoutputFreq_Value,PLLQoutputFreq_Value,PLLRCLKFreq_Value,PWRFreq_Value,SYSCLKFreq_VALUE,SYSCLKSource,TIM15Freq_Value,TIM1Freq_Value,USART1Freq_Value,USART2Freq_Value,USART3Freq_Value,USBFreq_Value,VCOInputFreq_Value,VCOOutputFreq_Value
ProjectManager.AskForMigrate=true
Mcu.Name=STM32G0B1K(B-C-E)TxN
RCC.LPTIM2Freq_Value=64000000
PA14-BOOT0.Locked=true
SPI1.NSSPMode=SPI_NSS_PULSE_DISABLE
TIM14.Prescaler=1
TIM4.OCPolarity_1=TIM_OCPOLARITY_LOW
PA2.Signal=SPI1_MOSI
ProjectManager.UnderRoot=true
Mcu.IP6=TIM14
Mcu.IP7=TIM17
ProjectManager.CoupleFile=true
RCC.APBTimFreq_Value=64000000
RCC.SYSCLKFreq_VALUE=64000000
PA1.Locked=true
PA3.Locked=true
PA5.GPIO_Label=I2C3_INT
NVIC.ForceEnableDMAVector=true
KeepUserPlacement=false
PA13.Locked=true
ProjectManager.CompilerOptimize=6
PB9.PinState=GPIO_PIN_SET
ProjectManager.HeapSize=0x200
PA0.GPIOParameters=GPIO_Label
Mcu.Pin15=VP_TIM4_VS_ClockSourceINT
NVIC.HardFault_IRQn=true\:0\:0\:false\:false\:true\:false\:false
Mcu.Pin16=VP_TIM14_VS_ClockSourceINT
Mcu.Pin13=VP_SYS_VS_Systick
Mcu.Pin14=VP_SYS_VS_DBSignals
ProjectManager.ComputerToolchain=false
Mcu.Pin17=VP_TIM17_VS_ClockSourceINT
RCC.HSI_VALUE=16000000
VP_TIM4_VS_ClockSourceINT.Mode=Internal
Mcu.Pin11=PB7
Mcu.Pin12=PB8
Mcu.Pin10=PB6
PB7.Locked=true
PA2.Mode=Simplex_Bidirectional_Master
PB8.Signal=GPIO_Output
RCC.PWRFreq_Value=64000000
PB6.GPIO_Speed=GPIO_SPEED_FREQ_VERY_HIGH
RCC.I2C2Freq_Value=64000000
PB8.GPIO_Speed=GPIO_SPEED_FREQ_VERY_HIGH
PA7.GPIOParameters=GPIO_Speed
ProjectManager.DeviceId=STM32G0B1KETxN
ProjectManager.LibraryCopy=1
PA3.GPIO_Label=SPI1_RESET
PA7.Signal=I2C3_SCL
I2C3.I2C_Speed_Mode=I2C_Standard
isbadioc=false
